
Microsoft Visual Studio Solution File, Format Version 12.00
# Visual Studio Version 17
VisualStudioVersion = 17.7.34024.191
MinimumVisualStudioVersion = 10.0.40219.1
Project("{FAE04EC0-301F-11D3-BF4B-00C04F79EFBC}") = "chatKlient", "chatKlient\chatKlient.csproj", "{F0423BF1-3553-4B97-B78A-0CC66F922320}"
EndProject
Global
	GlobalSection(SolutionConfigurationPlatforms) = preSolution
		Debug|Any CPU = Debug|Any CPU
		Release|Any CPU = Release|Any CPU
	EndGlobalSection
	GlobalSection(ProjectConfigurationPlatforms) = postSolution
		{F0423BF1-3553-4B97-B78A-0CC66F922320}.Debug|Any CPU.ActiveCfg = Debug|Any CPU
		{F0423BF1-3553-4B97-B78A-0CC66F922320}.Debug|Any CPU.Build.0 = Debug|Any CPU
		{F0423BF1-3553-4B97-B78A-0CC66F922320}.Release|Any CPU.ActiveCfg = Release|Any CPU
		{F0423BF1-3553-4B97-B78A-0CC66F922320}.Release|Any CPU.Build.0 = Release|Any CPU
	EndGlobalSection
	GlobalSection(SolutionProperties) = preSolution
		HideSolutionNode = FALSE
	EndGlobalSection
	GlobalSection(ExtensibilityGlobals) = postSolution
		SolutionGuid = {24C87486-5BE6-4D2A-974C-9722A7AA0BCC}
	EndGlobalSection
EndGlobal
